// !$*UTF8*$!
{
	archiveVersion = 1;
	classes = {
	};
	objectVersion = 55;
	objects = {

/* Begin PBXBuildFile section */
		B710348427E50B0900136989 /* AppDelegate.swift in Sources */ = {isa = PBXBuildFile; fileRef = B710348327E50B0900136989 /* AppDelegate.swift */; };
		B710348627E50B0900136989 /* SceneDelegate.swift in Sources */ = {isa = PBXBuildFile; fileRef = B710348527E50B0900136989 /* SceneDelegate.swift */; };
		B710348D27E50B0A00136989 /* Assets.xcassets in Resources */ = {isa = PBXBuildFile; fileRef = B710348C27E50B0A00136989 /* Assets.xcassets */; };
		B710349027E50B0A00136989 /* LaunchScreen.storyboard in Resources */ = {isa = PBXBuildFile; fileRef = B710348E27E50B0A00136989 /* LaunchScreen.storyboard */; };
		B710349E27E9516E00136989 /* CategoriesViewModel.swift in Sources */ = {isa = PBXBuildFile; fileRef = B710349D27E9516E00136989 /* CategoriesViewModel.swift */; };
		B71034A227E9525200136989 /* CategoriesViewController.swift in Sources */ = {isa = PBXBuildFile; fileRef = B71034A027E9525200136989 /* CategoriesViewController.swift */; };
		B71034A327E9525200136989 /* CategoriesViewController.xib in Resources */ = {isa = PBXBuildFile; fileRef = B71034A127E9525200136989 /* CategoriesViewController.xib */; };
		B71034A627E9553800136989 /* CategoryViewCell.swift in Sources */ = {isa = PBXBuildFile; fileRef = B71034A427E9553800136989 /* CategoryViewCell.swift */; };
		B71034A727E9553800136989 /* CategoryViewCell.xib in Resources */ = {isa = PBXBuildFile; fileRef = B71034A527E9553800136989 /* CategoryViewCell.xib */; };
		B71034AE27E96B0800136989 /* ActivityViewController.swift in Sources */ = {isa = PBXBuildFile; fileRef = B71034AC27E96B0800136989 /* ActivityViewController.swift */; };
		B71034AF27E96B0800136989 /* ActivityViewController.xib in Resources */ = {isa = PBXBuildFile; fileRef = B71034AD27E96B0800136989 /* ActivityViewController.xib */; };
		B71034B327EA62CA00136989 /* ActivityModel.swift in Sources */ = {isa = PBXBuildFile; fileRef = B71034B227EA62CA00136989 /* ActivityModel.swift */; };
		DD7D95CB27EA332200522B99 /* HomeScreenViewController.xib in Resources */ = {isa = PBXBuildFile; fileRef = DD7D95C627EA332200522B99 /* HomeScreenViewController.xib */; };
		DD7D95CC27EA332200522B99 /* HomeScreenViewController.swift in Sources */ = {isa = PBXBuildFile; fileRef = DD7D95C727EA332200522B99 /* HomeScreenViewController.swift */; };
		DD7D95CD27EA332200522B99 /* TermAndConditionsViewController.xib in Resources */ = {isa = PBXBuildFile; fileRef = DD7D95C927EA332200522B99 /* TermAndConditionsViewController.xib */; };
		DD7D95CE27EA332200522B99 /* TermAndConditionsViewController.swift in Sources */ = {isa = PBXBuildFile; fileRef = DD7D95CA27EA332200522B99 /* TermAndConditionsViewController.swift */; };
		E9F9CF307AE5B7AAD1BB8EE1 /* Pods_NotBored.framework in Frameworks */ = {isa = PBXBuildFile; fileRef = 4F1B02579E88529F0A0FD3D3 /* Pods_NotBored.framework */; };
/* End PBXBuildFile section */

/* Begin PBXFileReference section */
		3F32927D7F986815463BC0C2 /* Pods-NotBored.release.xcconfig */ = {isa = PBXFileReference; includeInIndex = 1; lastKnownFileType = text.xcconfig; name = "Pods-NotBored.release.xcconfig"; path = "Target Support Files/Pods-NotBored/Pods-NotBored.release.xcconfig"; sourceTree = "<group>"; };
		4F1B02579E88529F0A0FD3D3 /* Pods_NotBored.framework */ = {isa = PBXFileReference; explicitFileType = wrapper.framework; includeInIndex = 0; path = Pods_NotBored.framework; sourceTree = BUILT_PRODUCTS_DIR; };
		8E1D005994B79548C87A933A /* Pods-NotBored.debug.xcconfig */ = {isa = PBXFileReference; includeInIndex = 1; lastKnownFileType = text.xcconfig; name = "Pods-NotBored.debug.xcconfig"; path = "Target Support Files/Pods-NotBored/Pods-NotBored.debug.xcconfig"; sourceTree = "<group>"; };
		B710348027E50B0900136989 /* NotBored.app */ = {isa = PBXFileReference; explicitFileType = wrapper.application; includeInIndex = 0; path = NotBored.app; sourceTree = BUILT_PRODUCTS_DIR; };
		B710348327E50B0900136989 /* AppDelegate.swift */ = {isa = PBXFileReference; lastKnownFileType = sourcecode.swift; path = AppDelegate.swift; sourceTree = "<group>"; };
		B710348527E50B0900136989 /* SceneDelegate.swift */ = {isa = PBXFileReference; lastKnownFileType = sourcecode.swift; path = SceneDelegate.swift; sourceTree = "<group>"; };
		B710348C27E50B0A00136989 /* Assets.xcassets */ = {isa = PBXFileReference; lastKnownFileType = folder.assetcatalog; path = Assets.xcassets; sourceTree = "<group>"; };
		B710348F27E50B0A00136989 /* Base */ = {isa = PBXFileReference; lastKnownFileType = file.storyboard; name = Base; path = Base.lproj/LaunchScreen.storyboard; sourceTree = "<group>"; };
		B710349127E50B0A00136989 /* Info.plist */ = {isa = PBXFileReference; lastKnownFileType = text.plist.xml; path = Info.plist; sourceTree = "<group>"; };
		B710349D27E9516E00136989 /* CategoriesViewModel.swift */ = {isa = PBXFileReference; lastKnownFileType = sourcecode.swift; path = CategoriesViewModel.swift; sourceTree = "<group>"; };
		B71034A027E9525200136989 /* CategoriesViewController.swift */ = {isa = PBXFileReference; lastKnownFileType = sourcecode.swift; path = CategoriesViewController.swift; sourceTree = "<group>"; };
		B71034A127E9525200136989 /* CategoriesViewController.xib */ = {isa = PBXFileReference; lastKnownFileType = file.xib; path = CategoriesViewController.xib; sourceTree = "<group>"; };
		B71034A427E9553800136989 /* CategoryViewCell.swift */ = {isa = PBXFileReference; lastKnownFileType = sourcecode.swift; path = CategoryViewCell.swift; sourceTree = "<group>"; };
		B71034A527E9553800136989 /* CategoryViewCell.xib */ = {isa = PBXFileReference; lastKnownFileType = file.xib; path = CategoryViewCell.xib; sourceTree = "<group>"; };
		B71034AC27E96B0800136989 /* ActivityViewController.swift */ = {isa = PBXFileReference; lastKnownFileType = sourcecode.swift; path = ActivityViewController.swift; sourceTree = "<group>"; };
		B71034AD27E96B0800136989 /* ActivityViewController.xib */ = {isa = PBXFileReference; lastKnownFileType = file.xib; path = ActivityViewController.xib; sourceTree = "<group>"; };
		B71034B227EA62CA00136989 /* ActivityModel.swift */ = {isa = PBXFileReference; lastKnownFileType = sourcecode.swift; path = ActivityModel.swift; sourceTree = "<group>"; };
		DD7D95C627EA332200522B99 /* HomeScreenViewController.xib */ = {isa = PBXFileReference; fileEncoding = 4; lastKnownFileType = file.xib; path = HomeScreenViewController.xib; sourceTree = "<group>"; };
		DD7D95C727EA332200522B99 /* HomeScreenViewController.swift */ = {isa = PBXFileReference; fileEncoding = 4; lastKnownFileType = sourcecode.swift; path = HomeScreenViewController.swift; sourceTree = "<group>"; };
		DD7D95C927EA332200522B99 /* TermAndConditionsViewController.xib */ = {isa = PBXFileReference; fileEncoding = 4; lastKnownFileType = file.xib; path = TermAndConditionsViewController.xib; sourceTree = "<group>"; };
		DD7D95CA27EA332200522B99 /* TermAndConditionsViewController.swift */ = {isa = PBXFileReference; fileEncoding = 4; lastKnownFileType = sourcecode.swift; path = TermAndConditionsViewController.swift; sourceTree = "<group>"; };
/* End PBXFileReference section */

/* Begin PBXFrameworksBuildPhase section */
		B710347D27E50B0900136989 /* Frameworks */ = {
			isa = PBXFrameworksBuildPhase;
			buildActionMask = 2147483647;
			files = (
				E9F9CF307AE5B7AAD1BB8EE1 /* Pods_NotBored.framework in Frameworks */,
			);
			runOnlyForDeploymentPostprocessing = 0;
		};
/* End PBXFrameworksBuildPhase section */

/* Begin PBXGroup section */
		0A1003DB162B010FF4430260 /* Pods */ = {
			isa = PBXGroup;
			children = (
				8E1D005994B79548C87A933A /* Pods-NotBored.debug.xcconfig */,
				3F32927D7F986815463BC0C2 /* Pods-NotBored.release.xcconfig */,
			);
			path = Pods;
			sourceTree = "<group>";
		};
		7667394A0FB49868E2E2BFBB /* Frameworks */ = {
			isa = PBXGroup;
			children = (
				4F1B02579E88529F0A0FD3D3 /* Pods_NotBored.framework */,
			);
			name = Frameworks;
			sourceTree = "<group>";
		};
		B710347727E50B0900136989 = {
			isa = PBXGroup;
			children = (
				B710348227E50B0900136989 /* NotBored */,
				B710348127E50B0900136989 /* Products */,
				0A1003DB162B010FF4430260 /* Pods */,
				7667394A0FB49868E2E2BFBB /* Frameworks */,
			);
			sourceTree = "<group>";
		};
		B710348127E50B0900136989 /* Products */ = {
			isa = PBXGroup;
			children = (
				B710348027E50B0900136989 /* NotBored.app */,
			);
			name = Products;
			sourceTree = "<group>";
		};
		B710348227E50B0900136989 /* NotBored */ = {
			isa = PBXGroup;
			children = (
				B710349C27E510E200136989 /* Global */,
				DD7D95C427EA332200522B99 /* Modules */,
			);
			path = NotBored;
			sourceTree = "<group>";
		};
		B710349B27E5100500136989 /* Categories */ = {
			isa = PBXGroup;
			children = (
				B71034A927E955E100136989 /* Model */,
				B71034A827E955D300136989 /* View */,
				B71034AA27E955E900136989 /* ViewModel */,
			);
			path = Categories;
			sourceTree = "<group>";
		};
		B710349C27E510E200136989 /* Global */ = {
			isa = PBXGroup;
			children = (
				B710348327E50B0900136989 /* AppDelegate.swift */,
				B710348527E50B0900136989 /* SceneDelegate.swift */,
				B710348C27E50B0A00136989 /* Assets.xcassets */,
				B710348E27E50B0A00136989 /* LaunchScreen.storyboard */,
				B710349127E50B0A00136989 /* Info.plist */,
			);
			path = Global;
			sourceTree = "<group>";
		};
		B71034A827E955D300136989 /* View */ = {
			isa = PBXGroup;
			children = (
				B71034A027E9525200136989 /* CategoriesViewController.swift */,
				B71034A127E9525200136989 /* CategoriesViewController.xib */,
				B71034A427E9553800136989 /* CategoryViewCell.swift */,
				B71034A527E9553800136989 /* CategoryViewCell.xib */,
			);
			path = View;
			sourceTree = "<group>";
		};
		B71034A927E955E100136989 /* Model */ = {
			isa = PBXGroup;
			children = (
			);
			path = Model;
			sourceTree = "<group>";
		};
		B71034AA27E955E900136989 /* ViewModel */ = {
			isa = PBXGroup;
			children = (
				B710349D27E9516E00136989 /* CategoriesViewModel.swift */,
			);
			path = ViewModel;
			sourceTree = "<group>";
		};
		B71034AB27E96ADC00136989 /* Activity */ = {
			isa = PBXGroup;
			children = (
				B71034B127EA62B800136989 /* Model */,
				B71034B027EA62A900136989 /* View */,
			);
			path = Activity;
			sourceTree = "<group>";
		};
		B71034B027EA62A900136989 /* View */ = {
			isa = PBXGroup;
			children = (
				B71034AC27E96B0800136989 /* ActivityViewController.swift */,
				B71034AD27E96B0800136989 /* ActivityViewController.xib */,
			);
			path = View;
			sourceTree = "<group>";
		};
		B71034B127EA62B800136989 /* Model */ = {
			isa = PBXGroup;
			children = (
				B71034B227EA62CA00136989 /* ActivityModel.swift */,
			);
			path = Model;
			sourceTree = "<group>";
		};
		DD7D95C427EA332200522B99 /* Modules */ = {
			isa = PBXGroup;
			children = (
				B710349B27E5100500136989 /* Categories */,
				B71034AB27E96ADC00136989 /* Activity */,
				DD7D95C527EA332200522B99 /* HomeScreen */,
				DD7D95C827EA332200522B99 /* TermAndConditions */,
			);
			path = Modules;
			sourceTree = "<group>";
		};
		DD7D95C527EA332200522B99 /* HomeScreen */ = {
			isa = PBXGroup;
			children = (
				DD7D95C627EA332200522B99 /* HomeScreenViewController.xib */,
				DD7D95C727EA332200522B99 /* HomeScreenViewController.swift */,
			);
			path = HomeScreen;
			sourceTree = "<group>";
		};
		DD7D95C827EA332200522B99 /* TermAndConditions */ = {
			isa = PBXGroup;
			children = (
				DD7D95C927EA332200522B99 /* TermAndConditionsViewController.xib */,
				DD7D95CA27EA332200522B99 /* TermAndConditionsViewController.swift */,
			);
			path = TermAndConditions;
			sourceTree = "<group>";
		};
/* End PBXGroup section */

/* Begin PBXNativeTarget section */
		B710347F27E50B0900136989 /* NotBored */ = {
			isa = PBXNativeTarget;
			buildConfigurationList = B710349427E50B0A00136989 /* Build configuration list for PBXNativeTarget "NotBored" */;
			buildPhases = (
				0B98C217AC5990D9F195E891 /* [CP] Check Pods Manifest.lock */,
				B710347C27E50B0900136989 /* Sources */,
				B710347D27E50B0900136989 /* Frameworks */,
				B710347E27E50B0900136989 /* Resources */,
				725F1849E6C720B203A3A599 /* [CP] Embed Pods Frameworks */,
			);
			buildRules = (
			);
			dependencies = (
			);
			name = NotBored;
			productName = NotBored;
			productReference = B710348027E50B0900136989 /* NotBored.app */;
			productType = "com.apple.product-type.application";
		};
/* End PBXNativeTarget section */

/* Begin PBXProject section */
		B710347827E50B0900136989 /* Project object */ = {
			isa = PBXProject;
			attributes = {
				BuildIndependentTargetsInParallel = 1;
				LastSwiftUpdateCheck = 1310;
				LastUpgradeCheck = 1310;
				TargetAttributes = {
					B710347F27E50B0900136989 = {
						CreatedOnToolsVersion = 13.1;
					};
				};
			};
			buildConfigurationList = B710347B27E50B0900136989 /* Build configuration list for PBXProject "NotBored" */;
			compatibilityVersion = "Xcode 13.0";
			developmentRegion = en;
			hasScannedForEncodings = 0;
			knownRegions = (
				en,
				Base,
			);
			mainGroup = B710347727E50B0900136989;
			productRefGroup = B710348127E50B0900136989 /* Products */;
			projectDirPath = "";
			projectRoot = "";
			targets = (
				B710347F27E50B0900136989 /* NotBored */,
			);
		};
/* End PBXProject section */

/* Begin PBXResourcesBuildPhase section */
		B710347E27E50B0900136989 /* Resources */ = {
			isa = PBXResourcesBuildPhase;
			buildActionMask = 2147483647;
			files = (
				B710349027E50B0A00136989 /* LaunchScreen.storyboard in Resources */,
				B71034A327E9525200136989 /* CategoriesViewController.xib in Resources */,
				B71034A727E9553800136989 /* CategoryViewCell.xib in Resources */,
				DD7D95CD27EA332200522B99 /* TermAndConditionsViewController.xib in Resources */,
				DD7D95CB27EA332200522B99 /* HomeScreenViewController.xib in Resources */,
				B71034AF27E96B0800136989 /* ActivityViewController.xib in Resources */,
				B710348D27E50B0A00136989 /* Assets.xcassets in Resources */,
			);
			runOnlyForDeploymentPostprocessing = 0;
		};
/* End PBXResourcesBuildPhase section */

/* Begin PBXShellScriptBuildPhase section */
		0B98C217AC5990D9F195E891 /* [CP] Check Pods Manifest.lock */ = {
			isa = PBXShellScriptBuildPhase;
			buildActionMask = 2147483647;
			files = (
			);
			inputFileListPaths = (
			);
			inputPaths = (
				"${PODS_PODFILE_DIR_PATH}/Podfile.lock",
				"${PODS_ROOT}/Manifest.lock",
			);
			name = "[CP] Check Pods Manifest.lock";
			outputFileListPaths = (
			);
			outputPaths = (
				"$(DERIVED_FILE_DIR)/Pods-NotBored-checkManifestLockResult.txt",
			);
			runOnlyForDeploymentPostprocessing = 0;
			shellPath = /bin/sh;
			shellScript = "diff \"${PODS_PODFILE_DIR_PATH}/Podfile.lock\" \"${PODS_ROOT}/Manifest.lock\" > /dev/null\nif [ $? != 0 ] ; then\n    # print error to STDERR\n    echo \"error: The sandbox is not in sync with the Podfile.lock. Run 'pod install' or update your CocoaPods installation.\" >&2\n    exit 1\nfi\n# This output is used by Xcode 'outputs' to avoid re-running this script phase.\necho \"SUCCESS\" > \"${SCRIPT_OUTPUT_FILE_0}\"\n";
			showEnvVarsInLog = 0;
		};
		725F1849E6C720B203A3A599 /* [CP] Embed Pods Frameworks */ = {
			isa = PBXShellScriptBuildPhase;
			buildActionMask = 2147483647;
			files = (
			);
			inputFileListPaths = (
				"${PODS_ROOT}/Target Support Files/Pods-NotBored/Pods-NotBored-frameworks-${CONFIGURATION}-input-files.xcfilelist",
			);
			name = "[CP] Embed Pods Frameworks";
			outputFileListPaths = (
				"${PODS_ROOT}/Target Support Files/Pods-NotBored/Pods-NotBored-frameworks-${CONFIGURATION}-output-files.xcfilelist",
			);
			runOnlyForDeploymentPostprocessing = 0;
			shellPath = /bin/sh;
			shellScript = "\"${PODS_ROOT}/Target Support Files/Pods-NotBored/Pods-NotBored-frameworks.sh\"\n";
			showEnvVarsInLog = 0;
		};
/* End PBXShellScriptBuildPhase section */

/* Begin PBXSourcesBuildPhase section */
		B710347C27E50B0900136989 /* Sources */ = {
			isa = PBXSourcesBuildPhase;
			buildActionMask = 2147483647;
			files = (
				B710349E27E9516E00136989 /* CategoriesViewModel.swift in Sources */,
				B710348427E50B0900136989 /* AppDelegate.swift in Sources */,
				B71034B327EA62CA00136989 /* ActivityModel.swift in Sources */,
				B71034A627E9553800136989 /* CategoryViewCell.swift in Sources */,
				B710348627E50B0900136989 /* SceneDelegate.swift in Sources */,
				DD7D95CE27EA332200522B99 /* TermAndConditionsViewController.swift in Sources */,
				B71034A227E9525200136989 /* CategoriesViewController.swift in Sources */,
				B71034AE27E96B0800136989 /* ActivityViewController.swift in Sources */,
				DD7D95CC27EA332200522B99 /* HomeScreenViewController.swift in Sources */,
			);
			runOnlyForDeploymentPostprocessing = 0;
		};
/* End PBXSourcesBuildPhase section */

/* Begin PBXVariantGroup section */
		B710348E27E50B0A00136989 /* LaunchScreen.storyboard */ = {
			isa = PBXVariantGroup;
			children = (
				B710348F27E50B0A00136989 /* Base */,
			);
			name = LaunchScreen.storyboard;
			sourceTree = "<group>";
		};
/* End PBXVariantGroup section */

/* Begin XCBuildConfiguration section */
		B710349227E50B0A00136989 /* Debug */ = {
			isa = XCBuildConfiguration;
			buildSettings = {
				ALWAYS_SEARCH_USER_PATHS = NO;
				CLANG_ANALYZER_NONNULL = YES;
				CLANG_ANALYZER_NUMBER_OBJECT_CONVERSION = YES_AGGRESSIVE;
				CLANG_CXX_LANGUAGE_STANDARD = "gnu++17";
				CLANG_CXX_LIBRARY = "libc++";
				CLANG_ENABLE_MODULES = YES;
				CLANG_ENABLE_OBJC_ARC = YES;
				CLANG_ENABLE_OBJC_WEAK = YES;
				CLANG_WARN_BLOCK_CAPTURE_AUTORELEASING = YES;
				CLANG_WARN_BOOL_CONVERSION = YES;
				CLANG_WARN_COMMA = YES;
				CLANG_WARN_CONSTANT_CONVERSION = YES;
				CLANG_WARN_DEPRECATED_OBJC_IMPLEMENTATIONS = YES;
				CLANG_WARN_DIRECT_OBJC_ISA_USAGE = YES_ERROR;
				CLANG_WARN_DOCUMENTATION_COMMENTS = YES;
				CLANG_WARN_EMPTY_BODY = YES;
				CLANG_WARN_ENUM_CONVERSION = YES;
				CLANG_WARN_INFINITE_RECURSION = YES;
				CLANG_WARN_INT_CONVERSION = YES;
				CLANG_WARN_NON_LITERAL_NULL_CONVERSION = YES;
				CLANG_WARN_OBJC_IMPLICIT_RETAIN_SELF = YES;
				CLANG_WARN_OBJC_LITERAL_CONVERSION = YES;
				CLANG_WARN_OBJC_ROOT_CLASS = YES_ERROR;
				CLANG_WARN_QUOTED_INCLUDE_IN_FRAMEWORK_HEADER = YES;
				CLANG_WARN_RANGE_LOOP_ANALYSIS = YES;
				CLANG_WARN_STRICT_PROTOTYPES = YES;
				CLANG_WARN_SUSPICIOUS_MOVE = YES;
				CLANG_WARN_UNGUARDED_AVAILABILITY = YES_AGGRESSIVE;
				CLANG_WARN_UNREACHABLE_CODE = YES;
				CLANG_WARN__DUPLICATE_METHOD_MATCH = YES;
				COPY_PHASE_STRIP = NO;
				DEBUG_INFORMATION_FORMAT = dwarf;
				ENABLE_STRICT_OBJC_MSGSEND = YES;
				ENABLE_TESTABILITY = YES;
				GCC_C_LANGUAGE_STANDARD = gnu11;
				GCC_DYNAMIC_NO_PIC = NO;
				GCC_NO_COMMON_BLOCKS = YES;
				GCC_OPTIMIZATION_LEVEL = 0;
				GCC_PREPROCESSOR_DEFINITIONS = (
					"DEBUG=1",
					"$(inherited)",
				);
				GCC_WARN_64_TO_32_BIT_CONVERSION = YES;
				GCC_WARN_ABOUT_RETURN_TYPE = YES_ERROR;
				GCC_WARN_UNDECLARED_SELECTOR = YES;
				GCC_WARN_UNINITIALIZED_AUTOS = YES_AGGRESSIVE;
				GCC_WARN_UNUSED_FUNCTION = YES;
				GCC_WARN_UNUSED_VARIABLE = YES;
				IPHONEOS_DEPLOYMENT_TARGET = 15.0;
				MTL_ENABLE_DEBUG_INFO = INCLUDE_SOURCE;
				MTL_FAST_MATH = YES;
				ONLY_ACTIVE_ARCH = YES;
				SDKROOT = iphoneos;
				SWIFT_ACTIVE_COMPILATION_CONDITIONS = DEBUG;
				SWIFT_OPTIMIZATION_LEVEL = "-Onone";
			};
			name = Debug;
		};
		B710349327E50B0A00136989 /* Release */ = {
			isa = XCBuildConfiguration;
			buildSettings = {
				ALWAYS_SEARCH_USER_PATHS = NO;
				CLANG_ANALYZER_NONNULL = YES;
				CLANG_ANALYZER_NUMBER_OBJECT_CONVERSION = YES_AGGRESSIVE;
				CLANG_CXX_LANGUAGE_STANDARD = "gnu++17";
				CLANG_CXX_LIBRARY = "libc++";
				CLANG_ENABLE_MODULES = YES;
				CLANG_ENABLE_OBJC_ARC = YES;
				CLANG_ENABLE_OBJC_WEAK = YES;
				CLANG_WARN_BLOCK_CAPTURE_AUTORELEASING = YES;
				CLANG_WARN_BOOL_CONVERSION = YES;
				CLANG_WARN_COMMA = YES;
				CLANG_WARN_CONSTANT_CONVERSION = YES;
				CLANG_WARN_DEPRECATED_OBJC_IMPLEMENTATIONS = YES;
				CLANG_WARN_DIRECT_OBJC_ISA_USAGE = YES_ERROR;
				CLANG_WARN_DOCUMENTATION_COMMENTS = YES;
				CLANG_WARN_EMPTY_BODY = YES;
				CLANG_WARN_ENUM_CONVERSION = YES;
				CLANG_WARN_INFINITE_RECURSION = YES;
				CLANG_WARN_INT_CONVERSION = YES;
				CLANG_WARN_NON_LITERAL_NULL_CONVERSION = YES;
				CLANG_WARN_OBJC_IMPLICIT_RETAIN_SELF = YES;
				CLANG_WARN_OBJC_LITERAL_CONVERSION = YES;
				CLANG_WARN_OBJC_ROOT_CLASS = YES_ERROR;
				CLANG_WARN_QUOTED_INCLUDE_IN_FRAMEWORK_HEADER = YES;
				CLANG_WARN_RANGE_LOOP_ANALYSIS = YES;
				CLANG_WARN_STRICT_PROTOTYPES = YES;
				CLANG_WARN_SUSPICIOUS_MOVE = YES;
				CLANG_WARN_UNGUARDED_AVAILABILITY = YES_AGGRESSIVE;
				CLANG_WARN_UNREACHABLE_CODE = YES;
				CLANG_WARN__DUPLICATE_METHOD_MATCH = YES;
				COPY_PHASE_STRIP = NO;
				DEBUG_INFORMATION_FORMAT = "dwarf-with-dsym";
				ENABLE_NS_ASSERTIONS = NO;
				ENABLE_STRICT_OBJC_MSGSEND = YES;
				GCC_C_LANGUAGE_STANDARD = gnu11;
				GCC_NO_COMMON_BLOCKS = YES;
				GCC_WARN_64_TO_32_BIT_CONVERSION = YES;
				GCC_WARN_ABOUT_RETURN_TYPE = YES_ERROR;
				GCC_WARN_UNDECLARED_SELECTOR = YES;
				GCC_WARN_UNINITIALIZED_AUTOS = YES_AGGRESSIVE;
				GCC_WARN_UNUSED_FUNCTION = YES;
				GCC_WARN_UNUSED_VARIABLE = YES;
				IPHONEOS_DEPLOYMENT_TARGET = 15.0;
				MTL_ENABLE_DEBUG_INFO = NO;
				MTL_FAST_MATH = YES;
				SDKROOT = iphoneos;
				SWIFT_COMPILATION_MODE = wholemodule;
				SWIFT_OPTIMIZATION_LEVEL = "-O";
				VALIDATE_PRODUCT = YES;
			};
			name = Release;
		};
		B710349527E50B0A00136989 /* Debug */ = {
			isa = XCBuildConfiguration;
			baseConfigurationReference = 8E1D005994B79548C87A933A /* Pods-NotBored.debug.xcconfig */;
			buildSettings = {
				ASSETCATALOG_COMPILER_APPICON_NAME = AppIcon;
				ASSETCATALOG_COMPILER_GLOBAL_ACCENT_COLOR_NAME = AccentColor;
				CODE_SIGN_STYLE = Automatic;
				CURRENT_PROJECT_VERSION = 1;
				GENERATE_INFOPLIST_FILE = YES;
				INFOPLIST_FILE = NotBored/Global/Info.plist;
				INFOPLIST_KEY_UIApplicationSupportsIndirectInputEvents = YES;
				INFOPLIST_KEY_UILaunchStoryboardName = LaunchScreen;
				INFOPLIST_KEY_UISupportedInterfaceOrientations_iPad = "UIInterfaceOrientationPortrait UIInterfaceOrientationPortraitUpsideDown UIInterfaceOrientationLandscapeLeft UIInterfaceOrientationLandscapeRight";
				INFOPLIST_KEY_UISupportedInterfaceOrientations_iPhone = "UIInterfaceOrientationPortrait UIInterfaceOrientationLandscapeLeft UIInterfaceOrientationLandscapeRight";
				LD_RUNPATH_SEARCH_PATHS = (
					"$(inherited)",
					"@executable_path/Frameworks",
				);
				MARKETING_VERSION = 1.0;
				PRODUCT_BUNDLE_IDENTIFIER = com.bootcamp.NotBored;
				PRODUCT_NAME = "$(TARGET_NAME)";
				SWIFT_EMIT_LOC_STRINGS = YES;
				SWIFT_VERSION = 5.0;
				TARGETED_DEVICE_FAMILY = "1,2";
			};
			name = Debug;
		};
		B710349627E50B0A00136989 /* Release */ = {
			isa = XCBuildConfiguration;
			baseConfigurationReference = 3F32927D7F986815463BC0C2 /* Pods-NotBored.release.xcconfig */;
			buildSettings = {
				ASSETCATALOG_COMPILER_APPICON_NAME = AppIcon;
				ASSETCATALOG_COMPILER_GLOBAL_ACCENT_COLOR_NAME = AccentColor;
				CODE_SIGN_STYLE = Automatic;
				CURRENT_PROJECT_VERSION = 1;
				GENERATE_INFOPLIST_FILE = YES;
				INFOPLIST_FILE = NotBored/Global/Info.plist;
				INFOPLIST_KEY_UIApplicationSupportsIndirectInputEvents = YES;
				INFOPLIST_KEY_UILaunchStoryboardName = LaunchScreen;
				INFOPLIST_KEY_UISupportedInterfaceOrientations_iPad = "UIInterfaceOrientationPortrait UIInterfaceOrientationPortraitUpsideDown UIInterfaceOrientationLandscapeLeft UIInterfaceOrientationLandscapeRight";
				INFOPLIST_KEY_UISupportedInterfaceOrientations_iPhone = "UIInterfaceOrientationPortrait UIInterfaceOrientationLandscapeLeft UIInterfaceOrientationLandscapeRight";
				LD_RUNPATH_SEARCH_PATHS = (
					"$(inherited)",
					"@executable_path/Frameworks",
				);
				MARKETING_VERSION = 1.0;
				PRODUCT_BUNDLE_IDENTIFIER = com.bootcamp.NotBored;
				PRODUCT_NAME = "$(TARGET_NAME)";
				SWIFT_EMIT_LOC_STRINGS = YES;
				SWIFT_VERSION = 5.0;
				TARGETED_DEVICE_FAMILY = "1,2";
			};
			name = Release;
		};
/* End XCBuildConfiguration section */

/* Begin XCConfigurationList section */
		B710347B27E50B0900136989 /* Build configuration list for PBXProject "NotBored" */ = {
			isa = XCConfigurationList;
			buildConfigurations = (
				B710349227E50B0A00136989 /* Debug */,
				B710349327E50B0A00136989 /* Release */,
			);
			defaultConfigurationIsVisible = 0;
			defaultConfigurationName = Release;
		};
		B710349427E50B0A00136989 /* Build configuration list for PBXNativeTarget "NotBored" */ = {
			isa = XCConfigurationList;
			buildConfigurations = (
				B710349527E50B0A00136989 /* Debug */,
				B710349627E50B0A00136989 /* Release */,
			);
			defaultConfigurationIsVisible = 0;
			defaultConfigurationName = Release;
		};
/* End XCConfigurationList section */
	};
	rootObject = B710347827E50B0900136989 /* Project object */;
}
